Microsoft Visual Studio Solution File, Format Version 12.00
# Visual Studio 2012
Project("{FAE04EC0-301F-11D3-BF4B-00C04F79EFBC}") = "c-", "c-.csproj", "{5AB8F8AB-C60A-4444-9D33-CC7F51674255}"
EndProject
Global
	GlobalSection(SolutionConfigurationPlatforms) = preSolution
	Debug|Any CPU = Debug|Any CPU
	ExportDebug|Any CPU = ExportDebug|Any CPU
	ExportRelease|Any CPU = ExportRelease|Any CPU
	EndGlobalSection
	GlobalSection(ProjectConfigurationPlatforms) = postSolution
		{5AB8F8AB-C60A-4444-9D33-CC7F51674255}.Debug|Any CPU.ActiveCfg = Debug|Any CPU
		{5AB8F8AB-C60A-4444-9D33-CC7F51674255}.Debug|Any CPU.Build.0 = Debug|Any CPU
		{5AB8F8AB-C60A-4444-9D33-CC7F51674255}.ExportDebug|Any CPU.ActiveCfg = ExportDebug|Any CPU
		{5AB8F8AB-C60A-4444-9D33-CC7F51674255}.ExportDebug|Any CPU.Build.0 = ExportDebug|Any CPU
		{5AB8F8AB-C60A-4444-9D33-CC7F51674255}.ExportRelease|Any CPU.ActiveCfg = ExportRelease|Any CPU
		{5AB8F8AB-C60A-4444-9D33-CC7F51674255}.ExportRelease|Any CPU.Build.0 = ExportRelease|Any CPU
	EndGlobalSection
EndGlobal
